
Microsoft Visual Studio Solution File, Format Version 12.00
# Visual Studio Version 17
VisualStudioVersion = 17.0.31903.59
MinimumVisualStudioVersion = 10.0.40219.1
Project("{2150E333-8FDC-42A3-9474-1A3956D46DE8}") = "src", "src", "{827E0CD3-B72D-47B6-A68D-7590B98EB39B}"
EndProject
Project("{FAE04EC0-301F-11D3-BF4B-00C04F79EFBC}") = "Audivo.Core", "src\Audivo.Core\Audivo.Core.csproj", "{75FC2BF2-0836-47A5-936B-38F69394D413}"
EndProject
Project("{FAE04EC0-301F-11D3-BF4B-00C04F79EFBC}") = "Audivo.Application", "src\Audivo.Application\Audivo.Application.csproj", "{1B33ED9C-1169-4A00-BB2A-26F4DCA539F1}"
EndProject
Project("{FAE04EC0-301F-11D3-BF4B-00C04F79EFBC}") = "Audivo.Infrastructure", "src\Audivo.Infrastructure\Audivo.Infrastructure.csproj", "{DA876531-BFA8-4476-9656-2AEC662B4C39}"
EndProject
Project("{FAE04EC0-301F-11D3-BF4B-00C04F79EFBC}") = "Audivo.API", "src\Audivo.API\Audivo.API.csproj", "{321F5165-410F-467C-AC72-7438D2F4B7DC}"
EndProject
Project("{FAE04EC0-301F-11D3-BF4B-00C04F79EFBC}") = "Audivo.Infrastructure.Tests", "src\Audivo.Infrastructure.Tests\Audivo.Infrastructure.Tests.csproj", "{A1B2C3D4-E5F6-7890-ABCD-EF1234567890}"
EndProject
Global
	GlobalSection(SolutionConfigurationPlatforms) = preSolution
		Debug|Any CPU = Debug|Any CPU
		Debug|x64 = Debug|x64
		Debug|x86 = Debug|x86
		Release|Any CPU = Release|Any CPU
		Release|x64 = Release|x64
		Release|x86 = Release|x86
	EndGlobalSection
	GlobalSection(ProjectConfigurationPlatforms) = postSolution
		{75FC2BF2-0836-47A5-936B-38F69394D413}.Debug|Any CPU.ActiveCfg = Debug|Any CPU
		{75FC2BF2-0836-47A5-936B-38F69394D413}.Debug|Any CPU.Build.0 = Debug|Any CPU
		{75FC2BF2-0836-47A5-936B-38F69394D413}.Debug|x64.ActiveCfg = Debug|Any CPU
		{75FC2BF2-0836-47A5-936B-38F69394D413}.Debug|x64.Build.0 = Debug|Any CPU
		{75FC2BF2-0836-47A5-936B-38F69394D413}.Debug|x86.ActiveCfg = Debug|Any CPU
		{75FC2BF2-0836-47A5-936B-38F69394D413}.Debug|x86.Build.0 = Debug|Any CPU
		{75FC2BF2-0836-47A5-936B-38F69394D413}.Release|Any CPU.ActiveCfg = Release|Any CPU
		{75FC2BF2-0836-47A5-936B-38F69394D413}.Release|Any CPU.Build.0 = Release|Any CPU
		{75FC2BF2-0836-47A5-936B-38F69394D413}.Release|x64.ActiveCfg = Release|Any CPU
		{75FC2BF2-0836-47A5-936B-38F69394D413}.Release|x64.Build.0 = Release|Any CPU
		{75FC2BF2-0836-47A5-936B-38F69394D413}.Release|x86.ActiveCfg = Release|Any CPU
		{75FC2BF2-0836-47A5-936B-38F69394D413}.Release|x86.Build.0 = Release|Any CPU
		{1B33ED9C-1169-4A00-BB2A-26F4DCA539F1}.Debug|Any CPU.ActiveCfg = Debug|Any CPU
		{1B33ED9C-1169-4A00-BB2A-26F4DCA539F1}.Debug|Any CPU.Build.0 = Debug|Any CPU
		{1B33ED9C-1169-4A00-BB2A-26F4DCA539F1}.Debug|x64.ActiveCfg = Debug|Any CPU
		{1B33ED9C-1169-4A00-BB2A-26F4DCA539F1}.Debug|x64.Build.0 = Debug|Any CPU
		{1B33ED9C-1169-4A00-BB2A-26F4DCA539F1}.Debug|x86.ActiveCfg = Debug|Any CPU
		{1B33ED9C-1169-4A00-BB2A-26F4DCA539F1}.Debug|x86.Build.0 = Debug|Any CPU
		{1B33ED9C-1169-4A00-BB2A-26F4DCA539F1}.Release|Any CPU.ActiveCfg = Release|Any CPU
		{1B33ED9C-1169-4A00-BB2A-26F4DCA539F1}.Release|Any CPU.Build.0 = Release|Any CPU
		{1B33ED9C-1169-4A00-BB2A-26F4DCA539F1}.Release|x64.ActiveCfg = Release|Any CPU
		{1B33ED9C-1169-4A00-BB2A-26F4DCA539F1}.Release|x64.Build.0 = Release|Any CPU
		{1B33ED9C-1169-4A00-BB2A-26F4DCA539F1}.Release|x86.ActiveCfg = Release|Any CPU
		{1B33ED9C-1169-4A00-BB2A-26F4DCA539F1}.Release|x86.Build.0 = Release|Any CPU
		{DA876531-BFA8-4476-9656-2AEC662B4C39}.Debug|Any CPU.ActiveCfg = Debug|Any CPU
		{DA876531-BFA8-4476-9656-2AEC662B4C39}.Debug|Any CPU.Build.0 = Debug|Any CPU
		{DA876531-BFA8-4476-9656-2AEC662B4C39}.Debug|x64.ActiveCfg = Debug|Any CPU
		{DA876531-BFA8-4476-9656-2AEC662B4C39}.Debug|x64.Build.0 = Debug|Any CPU
		{DA876531-BFA8-4476-9656-2AEC662B4C39}.Debug|x86.ActiveCfg = Debug|Any CPU
		{DA876531-BFA8-4476-9656-2AEC662B4C39}.Debug|x86.Build.0 = Debug|Any CPU
		{DA876531-BFA8-4476-9656-2AEC662B4C39}.Release|Any CPU.ActiveCfg = Release|Any CPU
		{DA876531-BFA8-4476-9656-2AEC662B4C39}.Release|Any CPU.Build.0 = Release|Any CPU
		{DA876531-BFA8-4476-9656-2AEC662B4C39}.Release|x64.ActiveCfg = Release|Any CPU
		{DA876531-BFA8-4476-9656-2AEC662B4C39}.Release|x64.Build.0 = Release|Any CPU
		{DA876531-BFA8-4476-9656-2AEC662B4C39}.Release|x86.ActiveCfg = Release|Any CPU
		{DA876531-BFA8-4476-9656-2AEC662B4C39}.Release|x86.Build.0 = Release|Any CPU
		{321F5165-410F-467C-AC72-7438D2F4B7DC}.Debug|Any CPU.ActiveCfg = Debug|Any CPU
		{321F5165-410F-467C-AC72-7438D2F4B7DC}.Debug|Any CPU.Build.0 = Debug|Any CPU
		{321F5165-410F-467C-AC72-7438D2F4B7DC}.Debug|x64.ActiveCfg = Debug|Any CPU
		{321F5165-410F-467C-AC72-7438D2F4B7DC}.Debug|x64.Build.0 = Debug|Any CPU
		{321F5165-410F-467C-AC72-7438D2F4B7DC}.Debug|x86.ActiveCfg = Debug|Any CPU
		{321F5165-410F-467C-AC72-7438D2F4B7DC}.Debug|x86.Build.0 = Debug|Any CPU
		{321F5165-410F-467C-AC72-7438D2F4B7DC}.Release|Any CPU.ActiveCfg = Release|Any CPU
		{321F5165-410F-467C-AC72-7438D2F4B7DC}.Release|Any CPU.Build.0 = Release|Any CPU
		{321F5165-410F-467C-AC72-7438D2F4B7DC}.Release|x64.ActiveCfg = Release|Any CPU
		{321F5165-410F-467C-AC72-7438D2F4B7DC}.Release|x64.Build.0 = Release|Any CPU
		{321F5165-410F-467C-AC72-7438D2F4B7DC}.Release|x86.ActiveCfg = Release|Any CPU
		{321F5165-410F-467C-AC72-7438D2F4B7DC}.Release|x86.Build.0 = Release|Any CPU
		{A1B2C3D4-E5F6-7890-ABCD-EF1234567890}.Debug|Any CPU.ActiveCfg = Debug|Any CPU
		{A1B2C3D4-E5F6-7890-ABCD-EF1234567890}.Debug|Any CPU.Build.0 = Debug|Any CPU
		{A1B2C3D4-E5F6-7890-ABCD-EF1234567890}.Debug|x64.ActiveCfg = Debug|Any CPU
		{A1B2C3D4-E5F6-7890-ABCD-EF1234567890}.Debug|x64.Build.0 = Debug|Any CPU
		{A1B2C3D4-E5F6-7890-ABCD-EF1234567890}.Debug|x86.ActiveCfg = Debug|Any CPU
		{A1B2C3D4-E5F6-7890-ABCD-EF1234567890}.Debug|x86.Build.0 = Debug|Any CPU
		{A1B2C3D4-E5F6-7890-ABCD-EF1234567890}.Release|Any CPU.ActiveCfg = Release|Any CPU
		{A1B2C3D4-E5F6-7890-ABCD-EF1234567890}.Release|Any CPU.Build.0 = Release|Any CPU
		{A1B2C3D4-E5F6-7890-ABCD-EF1234567890}.Release|x64.ActiveCfg = Release|Any CPU
		{A1B2C3D4-E5F6-7890-ABCD-EF1234567890}.Release|x64.Build.0 = Release|Any CPU
		{A1B2C3D4-E5F6-7890-ABCD-EF1234567890}.Release|x86.ActiveCfg = Release|Any CPU
		{A1B2C3D4-E5F6-7890-ABCD-EF1234567890}.Release|x86.Build.0 = Release|Any CPU
	EndGlobalSection
	GlobalSection(SolutionProperties) = preSolution
		HideSolutionNode = FALSE
	EndGlobalSection
	GlobalSection(NestedProjects) = preSolution
		{75FC2BF2-0836-47A5-936B-38F69394D413} = {827E0CD3-B72D-47B6-A68D-7590B98EB39B}
		{1B33ED9C-1169-4A00-BB2A-26F4DCA539F1} = {827E0CD3-B72D-47B6-A68D-7590B98EB39B}
		{DA876531-BFA8-4476-9656-2AEC662B4C39} = {827E0CD3-B72D-47B6-A68D-7590B98EB39B}
		{321F5165-410F-467C-AC72-7438D2F4B7DC} = {827E0CD3-B72D-47B6-A68D-7590B98EB39B}
		{A1B2C3D4-E5F6-7890-ABCD-EF1234567890} = {827E0CD3-B72D-47B6-A68D-7590B98EB39B}
	EndGlobalSection
EndGlobal
